
Microsoft Visual Studio Solution File, Format Version 12.00
# Visual Studio Version 17
VisualStudioVersion = 17.5.002.0
MinimumVisualStudioVersion = 10.0.40219.1
Project("{9A19103F-16F7-4668-BE54-9A1E7A4F7556}") = "08-122024_2", "08-122024_2.csproj", "{C56FD0C7-D169-4F53-8010-0A1BF6CDA213}"
EndProject
Global
	GlobalSection(SolutionConfigurationPlatforms) = preSolution
		Debug|Any CPU = Debug|Any CPU
		Release|Any CPU = Release|Any CPU
	EndGlobalSection
	GlobalSection(ProjectConfigurationPlatforms) = postSolution
		{C56FD0C7-D169-4F53-8010-0A1BF6CDA213}.Debug|Any CPU.ActiveCfg = Debug|Any CPU
		{C56FD0C7-D169-4F53-8010-0A1BF6CDA213}.Debug|Any CPU.Build.0 = Debug|Any CPU
		{C56FD0C7-D169-4F53-8010-0A1BF6CDA213}.Release|Any CPU.ActiveCfg = Release|Any CPU
		{C56FD0C7-D169-4F53-8010-0A1BF6CDA213}.Release|Any CPU.Build.0 = Release|Any CPU
	EndGlobalSection
	GlobalSection(SolutionProperties) = preSolution
		HideSolutionNode = FALSE
	EndGlobalSection
	GlobalSection(ExtensibilityGlobals) = postSolution
		SolutionGuid = {9BD71193-E1B6-4AAF-86C8-CE2C7B73A903}
	EndGlobalSection
EndGlobal
