
Microsoft Visual Studio Solution File, Format Version 12.00
# Visual Studio Version 17
VisualStudioVersion = 17.5.002.0
MinimumVisualStudioVersion = 10.0.40219.1
Project("{9A19103F-16F7-4668-BE54-9A1E7A4F7556}") = "Proje02_ConvertTypes", "Proje02_ConvertTypes.csproj", "{FC4FCC4A-55C3-469F-9789-33458864E0DA}"
EndProject
Global
	GlobalSection(SolutionConfigurationPlatforms) = preSolution
		Debug|Any CPU = Debug|Any CPU
		Release|Any CPU = Release|Any CPU
	EndGlobalSection
	GlobalSection(ProjectConfigurationPlatforms) = postSolution
		{FC4FCC4A-55C3-469F-9789-33458864E0DA}.Debug|Any CPU.ActiveCfg = Debug|Any CPU
		{FC4FCC4A-55C3-469F-9789-33458864E0DA}.Debug|Any CPU.Build.0 = Debug|Any CPU
		{FC4FCC4A-55C3-469F-9789-33458864E0DA}.Release|Any CPU.ActiveCfg = Release|Any CPU
		{FC4FCC4A-55C3-469F-9789-33458864E0DA}.Release|Any CPU.Build.0 = Release|Any CPU
	EndGlobalSection
	GlobalSection(SolutionProperties) = preSolution
		HideSolutionNode = FALSE
	EndGlobalSection
	GlobalSection(ExtensibilityGlobals) = postSolution
		SolutionGuid = {8C3D1165-4563-4EDB-B979-DE658C65AAD7}
	EndGlobalSection
EndGlobal
