
Microsoft Visual Studio Solution File, Format Version 12.00
# Visual Studio Version 17
VisualStudioVersion = 17.5.002.0
MinimumVisualStudioVersion = 10.0.40219.1
Project("{9A19103F-16F7-4668-BE54-9A1E7A4F7556}") = "Proje01_Variables", "Proje01_Variables\Proje01_Variables.csproj", "{FBBF27AB-F94E-4FE5-89EB-8CA897EAE86A}"
EndProject
Project("{9A19103F-16F7-4668-BE54-9A1E7A4F7556}") = "Proje02_ConvertTypes", "Proje02_ConvertTypes\Proje02_ConvertTypes.csproj", "{90F38C52-8D8D-466D-BEFF-233D3F0E7C2C}"
EndProject
Global
	GlobalSection(SolutionConfigurationPlatforms) = preSolution
		Debug|Any CPU = Debug|Any CPU
		Release|Any CPU = Release|Any CPU
	EndGlobalSection
	GlobalSection(ProjectConfigurationPlatforms) = postSolution
		{FBBF27AB-F94E-4FE5-89EB-8CA897EAE86A}.Debug|Any CPU.ActiveCfg = Debug|Any CPU
		{FBBF27AB-F94E-4FE5-89EB-8CA897EAE86A}.Debug|Any CPU.Build.0 = Debug|Any CPU
		{FBBF27AB-F94E-4FE5-89EB-8CA897EAE86A}.Release|Any CPU.ActiveCfg = Release|Any CPU
		{FBBF27AB-F94E-4FE5-89EB-8CA897EAE86A}.Release|Any CPU.Build.0 = Release|Any CPU
		{90F38C52-8D8D-466D-BEFF-233D3F0E7C2C}.Debug|Any CPU.ActiveCfg = Debug|Any CPU
		{90F38C52-8D8D-466D-BEFF-233D3F0E7C2C}.Debug|Any CPU.Build.0 = Debug|Any CPU
		{90F38C52-8D8D-466D-BEFF-233D3F0E7C2C}.Release|Any CPU.ActiveCfg = Release|Any CPU
		{90F38C52-8D8D-466D-BEFF-233D3F0E7C2C}.Release|Any CPU.Build.0 = Release|Any CPU
	EndGlobalSection
	GlobalSection(SolutionProperties) = preSolution
		HideSolutionNode = FALSE
	EndGlobalSection
	GlobalSection(ExtensibilityGlobals) = postSolution
		SolutionGuid = {F6FE54B4-DD65-4F98-9C12-CF84CB790382}
	EndGlobalSection
EndGlobal
