
Microsoft Visual Studio Solution File, Format Version 12.00
# Visual Studio Version 17
VisualStudioVersion = 17.5.002.0
MinimumVisualStudioVersion = 10.0.40219.1
Project("{9A19103F-16F7-4668-BE54-9A1E7A4F7556}") = "LearnifyStockApp", "LearnifyStockApp.csproj", "{8C2514B6-E365-4572-9C9D-D4B11F4B371A}"
EndProject
Global
	GlobalSection(SolutionConfigurationPlatforms) = preSolution
		Debug|Any CPU = Debug|Any CPU
		Release|Any CPU = Release|Any CPU
	EndGlobalSection
	GlobalSection(ProjectConfigurationPlatforms) = postSolution
		{8C2514B6-E365-4572-9C9D-D4B11F4B371A}.Debug|Any CPU.ActiveCfg = Debug|Any CPU
		{8C2514B6-E365-4572-9C9D-D4B11F4B371A}.Debug|Any CPU.Build.0 = Debug|Any CPU
		{8C2514B6-E365-4572-9C9D-D4B11F4B371A}.Release|Any CPU.ActiveCfg = Release|Any CPU
		{8C2514B6-E365-4572-9C9D-D4B11F4B371A}.Release|Any CPU.Build.0 = Release|Any CPU
	EndGlobalSection
	GlobalSection(SolutionProperties) = preSolution
		HideSolutionNode = FALSE
	EndGlobalSection
	GlobalSection(ExtensibilityGlobals) = postSolution
		SolutionGuid = {657F9793-1D55-4F4E-BEED-8B8A65669F2C}
	EndGlobalSection
EndGlobal
