
Microsoft Visual Studio Solution File, Format Version 12.00
# Visual Studio Version 17
VisualStudioVersion = 17.5.002.0
MinimumVisualStudioVersion = 10.0.40219.1
Project("{9A19103F-16F7-4668-BE54-9A1E7A4F7556}") = "Proje_Sorular_Method", "Proje_Sorular_Method.csproj", "{052FEEE0-FEA9-4EA9-9C70-2198D4000E60}"
EndProject
Global
	GlobalSection(SolutionConfigurationPlatforms) = preSolution
		Debug|Any CPU = Debug|Any CPU
		Release|Any CPU = Release|Any CPU
	EndGlobalSection
	GlobalSection(ProjectConfigurationPlatforms) = postSolution
		{052FEEE0-FEA9-4EA9-9C70-2198D4000E60}.Debug|Any CPU.ActiveCfg = Debug|Any CPU
		{052FEEE0-FEA9-4EA9-9C70-2198D4000E60}.Debug|Any CPU.Build.0 = Debug|Any CPU
		{052FEEE0-FEA9-4EA9-9C70-2198D4000E60}.Release|Any CPU.ActiveCfg = Release|Any CPU
		{052FEEE0-FEA9-4EA9-9C70-2198D4000E60}.Release|Any CPU.Build.0 = Release|Any CPU
	EndGlobalSection
	GlobalSection(SolutionProperties) = preSolution
		HideSolutionNode = FALSE
	EndGlobalSection
	GlobalSection(ExtensibilityGlobals) = postSolution
		SolutionGuid = {25F6CA4A-7D95-415C-8505-4B3B37A93454}
	EndGlobalSection
EndGlobal
